
Microsoft Visual Studio Solution File, Format Version 12.00
# Visual Studio Version 17
VisualStudioVersion = 17.1.32421.90
MinimumVisualStudioVersion = 10.0.40219.1
Project("{FAE04EC0-301F-11D3-BF4B-00C04F79EFBC}") = "tapsiriqq", "tapsiriqq.csproj", "{708FD055-7DE5-458B-B34C-2035D8DAB6B8}"
EndProject
Global
	GlobalSection(SolutionConfigurationPlatforms) = preSolution
		Debug|Any CPU = Debug|Any CPU
		Release|Any CPU = Release|Any CPU
	EndGlobalSection
	GlobalSection(ProjectConfigurationPlatforms) = postSolution
		{708FD055-7DE5-458B-B34C-2035D8DAB6B8}.Debug|Any CPU.ActiveCfg = Debug|Any CPU
		{708FD055-7DE5-458B-B34C-2035D8DAB6B8}.Debug|Any CPU.Build.0 = Debug|Any CPU
		{708FD055-7DE5-458B-B34C-2035D8DAB6B8}.Release|Any CPU.ActiveCfg = Release|Any CPU
		{708FD055-7DE5-458B-B34C-2035D8DAB6B8}.Release|Any CPU.Build.0 = Release|Any CPU
	EndGlobalSection
	GlobalSection(SolutionProperties) = preSolution
		HideSolutionNode = FALSE
	EndGlobalSection
	GlobalSection(ExtensibilityGlobals) = postSolution
		SolutionGuid = {BEFC48F0-DA3E-44CB-883C-745DE42C2961}
	EndGlobalSection
EndGlobal
